{
  "name": "scel2ibus",
  "version": "1.0.0",
  "lockfileVersion": 1,
  "requires": true,
  "dependencies": {
    "@types/node": {
      "version": "14.14.21",
      "resolved": "https://registry.npm.taobao.org/@types/node/download/@types/node-14.14.21.tgz?cache=0&sync_timestamp=1610658609493&other_urls=https%3A%2F%2Fregistry.npm.taobao.org%2F%40types%2Fnode%2Fdownload%2F%40types%2Fnode-14.14.21.tgz",
      "integrity": "sha1-2TSqzCJCT+liLr9oVzcMBS6uRk4=",
      "dev": true
    },
    "lodash": {
      "version": "4.17.20",
      "resolved": "https://registry.npm.taobao.org/lodash/download/lodash-4.17.20.tgz?cache=0&sync_timestamp=1597336097104&other_urls=https%3A%2F%2Fregistry.npm.taobao.org%2Flodash%2Fdownload%2Flodash-4.17.20.tgz",
      "integrity": "sha1-tEqbYpe8tpjxxRo1RaKzs2jVnFI="
    },
    "scel-parser": {
      "version": "1.0.1",
      "resolved": "https://registry.npm.taobao.org/scel-parser/download/scel-parser-1.0.1.tgz",
      "integrity": "sha1-j0W6aY36tnYRws9Pvn15XsjL0l0=",
      "requires": {
        "lodash": "^4.17.4"
      }
    },
    "typescript": {
      "version": "4.1.3",
      "resolved": "https://registry.npm.taobao.org/typescript/download/typescript-4.1.3.tgz?cache=0&other_urls=https%3A%2F%2Fregistry.npm.taobao.org%2Ftypescript%2Fdownload%2Ftypescript-4.1.3.tgz",
      "integrity": "sha1-UZ1YK9lMugz4k0x9joRn5HP1O7c=",
      "dev": true
    }
  }
}
